
Microsoft Visual Studio Solution File, Format Version 12.00
# Visual Studio Version 17
VisualStudioVersion = 17.7.34018.315
MinimumVisualStudioVersion = 10.0.40219.1
Project("{9A19103F-16F7-4668-BE54-9A1E7A4F7556}") = "PlatformDemo", "PlatformDemo.csproj", "{5970F8B3-7183-4F0E-9D0B-561F344E7023}"
EndProject
Project("{9A19103F-16F7-4668-BE54-9A1E7A4F7556}") = "DataAccess", "..\DataObjects\DataAccess.csproj", "{6C2E8812-3F26-4038-8356-091DF8A59173}"
EndProject
Global
	GlobalSection(SolutionConfigurationPlatforms) = preSolution
		Debug|Any CPU = Debug|Any CPU
		Release|Any CPU = Release|Any CPU
	EndGlobalSection
	GlobalSection(ProjectConfigurationPlatforms) = postSolution
		{5970F8B3-7183-4F0E-9D0B-561F344E7023}.Debug|Any CPU.ActiveCfg = Debug|Any CPU
		{5970F8B3-7183-4F0E-9D0B-561F344E7023}.Debug|Any CPU.Build.0 = Debug|Any CPU
		{5970F8B3-7183-4F0E-9D0B-561F344E7023}.Release|Any CPU.ActiveCfg = Release|Any CPU
		{5970F8B3-7183-4F0E-9D0B-561F344E7023}.Release|Any CPU.Build.0 = Release|Any CPU
		{6C2E8812-3F26-4038-8356-091DF8A59173}.Debug|Any CPU.ActiveCfg = Debug|Any CPU
		{6C2E8812-3F26-4038-8356-091DF8A59173}.Debug|Any CPU.Build.0 = Debug|Any CPU
		{6C2E8812-3F26-4038-8356-091DF8A59173}.Release|Any CPU.ActiveCfg = Release|Any CPU
		{6C2E8812-3F26-4038-8356-091DF8A59173}.Release|Any CPU.Build.0 = Release|Any CPU
	EndGlobalSection
	GlobalSection(SolutionProperties) = preSolution
		HideSolutionNode = FALSE
	EndGlobalSection
	GlobalSection(ExtensibilityGlobals) = postSolution
		SolutionGuid = {01072D27-38BA-4DCA-ADA4-6F4252965C1E}
	EndGlobalSection
EndGlobal
